
Microsoft Visual Studio Solution File, Format Version 12.00
# Visual Studio Version 17
VisualStudioVersion = 17.14.36310.24
MinimumVisualStudioVersion = 10.0.40219.1
Project("{FAE04EC0-301F-11D3-BF4B-00C04F79EFBC}") = "YumBlazor", "YumBlazor\YumBlazor.csproj", "{C7AE23BD-C7F7-4DB2-86DD-15844C99AC3D}"
EndProject
Global
	GlobalSection(SolutionConfigurationPlatforms) = preSolution
		Debug|Any CPU = Debug|Any CPU
		Release|Any CPU = Release|Any CPU
	EndGlobalSection
	GlobalSection(ProjectConfigurationPlatforms) = postSolution
		{C7AE23BD-C7F7-4DB2-86DD-15844C99AC3D}.Debug|Any CPU.ActiveCfg = Debug|Any CPU
		{C7AE23BD-C7F7-4DB2-86DD-15844C99AC3D}.Debug|Any CPU.Build.0 = Debug|Any CPU
		{C7AE23BD-C7F7-4DB2-86DD-15844C99AC3D}.Release|Any CPU.ActiveCfg = Release|Any CPU
		{C7AE23BD-C7F7-4DB2-86DD-15844C99AC3D}.Release|Any CPU.Build.0 = Release|Any CPU
	EndGlobalSection
	GlobalSection(SolutionProperties) = preSolution
		HideSolutionNode = FALSE
	EndGlobalSection
	GlobalSection(ExtensibilityGlobals) = postSolution
		SolutionGuid = {8AEA362E-9E4C-4A37-84C7-6B9C49A38F80}
	EndGlobalSection
EndGlobal
